
Microsoft Visual Studio Solution File, Format Version 12.00
# Visual Studio Version 17
VisualStudioVersion = 17.7.34221.43
MinimumVisualStudioVersion = 10.0.40219.1
Project("{FAE04EC0-301F-11D3-BF4B-00C04F79EFBC}") = "Concesionario_V1", "Concesionario_V1\Concesionario_V1.csproj", "{6AFE654B-8A7B-485D-A120-E303ADFE13D5}"
EndProject
Global
	GlobalSection(SolutionConfigurationPlatforms) = preSolution
		Debug|Any CPU = Debug|Any CPU
		Release|Any CPU = Release|Any CPU
	EndGlobalSection
	GlobalSection(ProjectConfigurationPlatforms) = postSolution
		{6AFE654B-8A7B-485D-A120-E303ADFE13D5}.Debug|Any CPU.ActiveCfg = Debug|Any CPU
		{6AFE654B-8A7B-485D-A120-E303ADFE13D5}.Debug|Any CPU.Build.0 = Debug|Any CPU
		{6AFE654B-8A7B-485D-A120-E303ADFE13D5}.Release|Any CPU.ActiveCfg = Release|Any CPU
		{6AFE654B-8A7B-485D-A120-E303ADFE13D5}.Release|Any CPU.Build.0 = Release|Any CPU
	EndGlobalSection
	GlobalSection(SolutionProperties) = preSolution
		HideSolutionNode = FALSE
	EndGlobalSection
	GlobalSection(ExtensibilityGlobals) = postSolution
		SolutionGuid = {A605DA1D-28E6-4883-9123-2E6CD189D739}
	EndGlobalSection
EndGlobal
